
Microsoft Visual Studio Solution File, Format Version 12.00
# Visual Studio 2013
VisualStudioVersion = 12.0.21005.1
MinimumVisualStudioVersion = 10.0.40219.1
Project("{FAE04EC0-301F-11D3-BF4B-00C04F79EFBC}") = "Project-AutoSuggestion-E-AppointmentApp", "Project-AutoSuggestion-E-AppointmentApp\Project-AutoSuggestion-E-AppointmentApp.csproj", "{799F35A8-EFE7-44B7-8FAD-F6C4B34FA0F4}"
EndProject
Global
	GlobalSection(SolutionConfigurationPlatforms) = preSolution
		Debug|Any CPU = Debug|Any CPU
		Release|Any CPU = Release|Any CPU
	EndGlobalSection
	GlobalSection(ProjectConfigurationPlatforms) = postSolution
		{799F35A8-EFE7-44B7-8FAD-F6C4B34FA0F4}.Debug|Any CPU.ActiveCfg = Debug|Any CPU
		{799F35A8-EFE7-44B7-8FAD-F6C4B34FA0F4}.Debug|Any CPU.Build.0 = Debug|Any CPU
		{799F35A8-EFE7-44B7-8FAD-F6C4B34FA0F4}.Release|Any CPU.ActiveCfg = Release|Any CPU
		{799F35A8-EFE7-44B7-8FAD-F6C4B34FA0F4}.Release|Any CPU.Build.0 = Release|Any CPU
	EndGlobalSection
	GlobalSection(SolutionProperties) = preSolution
		HideSolutionNode = FALSE
	EndGlobalSection
EndGlobal
